
Microsoft Visual Studio Solution File, Format Version 12.00
# Visual Studio Version 17
VisualStudioVersion = 17.7.34031.279
MinimumVisualStudioVersion = 10.0.40219.1
Project("{FAE04EC0-301F-11D3-BF4B-00C04F79EFBC}") = "Торты", "Торты\Торты.csproj", "{0C9744EA-29F5-4436-8933-5B0DC56C0310}"
EndProject
Global
	GlobalSection(SolutionConfigurationPlatforms) = preSolution
		Debug|Any CPU = Debug|Any CPU
		Release|Any CPU = Release|Any CPU
	EndGlobalSection
	GlobalSection(ProjectConfigurationPlatforms) = postSolution
		{0C9744EA-29F5-4436-8933-5B0DC56C0310}.Debug|Any CPU.ActiveCfg = Debug|Any CPU
		{0C9744EA-29F5-4436-8933-5B0DC56C0310}.Debug|Any CPU.Build.0 = Debug|Any CPU
		{0C9744EA-29F5-4436-8933-5B0DC56C0310}.Release|Any CPU.ActiveCfg = Release|Any CPU
		{0C9744EA-29F5-4436-8933-5B0DC56C0310}.Release|Any CPU.Build.0 = Release|Any CPU
	EndGlobalSection
	GlobalSection(SolutionProperties) = preSolution
		HideSolutionNode = FALSE
	EndGlobalSection
	GlobalSection(ExtensibilityGlobals) = postSolution
		SolutionGuid = {4AE2D621-8EFD-4DBA-9F2F-FC6FDD593821}
	EndGlobalSection
EndGlobal
